
Microsoft Visual Studio Solution File, Format Version 12.00
# Visual Studio Version 17
VisualStudioVersion = 17.0.31903.59
MinimumVisualStudioVersion = 10.0.40219.1
Project("{FAE04EC0-301F-11D3-BF4B-00C04F79EFBC}") = "API", "API\API.csproj", "{3796B7B9-297F-4762-92CC-A54795360ABB}"
EndProject
Project("{FAE04EC0-301F-11D3-BF4B-00C04F79EFBC}") = "Core", "Core\Core.csproj", "{4EE7C089-27B5-4FD1-A8B2-67BCDBDE6DEF}"
EndProject
Project("{FAE04EC0-301F-11D3-BF4B-00C04F79EFBC}") = "Infrastructure", "Infrastructure\Infrastructure.csproj", "{3C0576D0-E8CF-4E1D-9805-90CD81041D81}"
EndProject
Global
	GlobalSection(SolutionConfigurationPlatforms) = preSolution
		Debug|Any CPU = Debug|Any CPU
		Release|Any CPU = Release|Any CPU
	EndGlobalSection
	GlobalSection(SolutionProperties) = preSolution
		HideSolutionNode = FALSE
	EndGlobalSection
	GlobalSection(ProjectConfigurationPlatforms) = postSolution
		{3796B7B9-297F-4762-92CC-A54795360ABB}.Debug|Any CPU.ActiveCfg = Debug|Any CPU
		{3796B7B9-297F-4762-92CC-A54795360ABB}.Debug|Any CPU.Build.0 = Debug|Any CPU
		{3796B7B9-297F-4762-92CC-A54795360ABB}.Release|Any CPU.ActiveCfg = Release|Any CPU
		{3796B7B9-297F-4762-92CC-A54795360ABB}.Release|Any CPU.Build.0 = Release|Any CPU
		{4EE7C089-27B5-4FD1-A8B2-67BCDBDE6DEF}.Debug|Any CPU.ActiveCfg = Debug|Any CPU
		{4EE7C089-27B5-4FD1-A8B2-67BCDBDE6DEF}.Debug|Any CPU.Build.0 = Debug|Any CPU
		{4EE7C089-27B5-4FD1-A8B2-67BCDBDE6DEF}.Release|Any CPU.ActiveCfg = Release|Any CPU
		{4EE7C089-27B5-4FD1-A8B2-67BCDBDE6DEF}.Release|Any CPU.Build.0 = Release|Any CPU
		{3C0576D0-E8CF-4E1D-9805-90CD81041D81}.Debug|Any CPU.ActiveCfg = Debug|Any CPU
		{3C0576D0-E8CF-4E1D-9805-90CD81041D81}.Debug|Any CPU.Build.0 = Debug|Any CPU
		{3C0576D0-E8CF-4E1D-9805-90CD81041D81}.Release|Any CPU.ActiveCfg = Release|Any CPU
		{3C0576D0-E8CF-4E1D-9805-90CD81041D81}.Release|Any CPU.Build.0 = Release|Any CPU
	EndGlobalSection
EndGlobal
